
Microsoft Visual Studio Solution File, Format Version 12.00
# Visual Studio Version 16
VisualStudioVersion = 16.0.29609.76
MinimumVisualStudioVersion = 10.0.40219.1
Project("{FAE04EC0-301F-11D3-BF4B-00C04F79EFBC}") = "DoublyLinkedLists", "DoublyLinkedLists.csproj", "{824EA0C2-FEB3-4E46-BAE0-A34F85E2306C}"
EndProject
Global
	GlobalSection(SolutionConfigurationPlatforms) = preSolution
		Debug|Any CPU = Debug|Any CPU
		Release|Any CPU = Release|Any CPU
	EndGlobalSection
	GlobalSection(ProjectConfigurationPlatforms) = postSolution
		{824EA0C2-FEB3-4E46-BAE0-A34F85E2306C}.Debug|Any CPU.ActiveCfg = Debug|Any CPU
		{824EA0C2-FEB3-4E46-BAE0-A34F85E2306C}.Debug|Any CPU.Build.0 = Debug|Any CPU
		{824EA0C2-FEB3-4E46-BAE0-A34F85E2306C}.Release|Any CPU.ActiveCfg = Release|Any CPU
		{824EA0C2-FEB3-4E46-BAE0-A34F85E2306C}.Release|Any CPU.Build.0 = Release|Any CPU
	EndGlobalSection
	GlobalSection(SolutionProperties) = preSolution
		HideSolutionNode = FALSE
	EndGlobalSection
	GlobalSection(ExtensibilityGlobals) = postSolution
		SolutionGuid = {0646E0C0-3996-4E26-A2D6-C0C091304950}
	EndGlobalSection
EndGlobal
